// !$*UTF8*$!
{
	archiveVersion = 1;
	classes = {
	};
	objectVersion = 56;
	objects = {

/* Begin PBXBuildFile section */
		A819CBED2C42C37500871A93 /* RunManagerViewModel.swift in Sources */ = {isa = PBXBuildFile; fileRef = A819CBEC2C42C37500871A93 /* RunManagerViewModel.swift */; };
		A819CBF02C4313F300871A93 /* RunsData.json in Resources */ = {isa = PBXBuildFile; fileRef = A819CBEF2C4313F300871A93 /* RunsData.json */; };
		A819CBF22C43144C00871A93 /* Run.swift in Sources */ = {isa = PBXBuildFile; fileRef = A819CBF12C43144C00871A93 /* Run.swift */; };
		A819CBF42C431F3200871A93 /* GradientGenerator.swift in Sources */ = {isa = PBXBuildFile; fileRef = A819CBF32C431F3200871A93 /* GradientGenerator.swift */; };
		A819CBF62C431F4600871A93 /* ThemeManager.swift in Sources */ = {isa = PBXBuildFile; fileRef = A819CBF52C431F4600871A93 /* ThemeManager.swift */; };
		A84E0D262C2860E100E12D8D /* RunkeeperApp.swift in Sources */ = {isa = PBXBuildFile; fileRef = A84E0D252C2860E100E12D8D /* RunkeeperApp.swift */; };
		A84E0D282C2860E100E12D8D /* ContentView.swift in Sources */ = {isa = PBXBuildFile; fileRef = A84E0D272C2860E100E12D8D /* ContentView.swift */; };
		A84E0D2C2C2860E300E12D8D /* Assets.xcassets in Resources */ = {isa = PBXBuildFile; fileRef = A84E0D2B2C2860E300E12D8D /* Assets.xcassets */; };
		A84E0D2F2C2860E300E12D8D /* Preview Assets.xcassets in Resources */ = {isa = PBXBuildFile; fileRef = A84E0D2E2C2860E300E12D8D /* Preview Assets.xcassets */; };
		A84E0D382C28610B00E12D8D /* RunRecord.swift in Sources */ = {isa = PBXBuildFile; fileRef = A84E0D372C28610B00E12D8D /* RunRecord.swift */; };
		A84E0D3A2C28611C00E12D8D /* SegmentRecord.swift in Sources */ = {isa = PBXBuildFile; fileRef = A84E0D392C28611C00E12D8D /* SegmentRecord.swift */; };
		A84E0D3C2C28625000E12D8D /* RunManager.swift in Sources */ = {isa = PBXBuildFile; fileRef = A84E0D3B2C28625000E12D8D /* RunManager.swift */; };
		A84E0D3E2C28628800E12D8D /* SelectRunView.swift in Sources */ = {isa = PBXBuildFile; fileRef = A84E0D3D2C28628800E12D8D /* SelectRunView.swift */; };
		A84E0D402C2862E600E12D8D /* SettingsView.swift in Sources */ = {isa = PBXBuildFile; fileRef = A84E0D3F2C2862E600E12D8D /* SettingsView.swift */; };
		A84E0D422C28631B00E12D8D /* RunView.swift in Sources */ = {isa = PBXBuildFile; fileRef = A84E0D412C28631B00E12D8D /* RunView.swift */; };
/* End PBXBuildFile section */

/* Begin PBXFileReference section */
		A819CBEC2C42C37500871A93 /* RunManagerViewModel.swift */ = {isa = PBXFileReference; lastKnownFileType = sourcecode.swift; path = RunManagerViewModel.swift; sourceTree = "<group>"; };
		A819CBEF2C4313F300871A93 /* RunsData.json */ = {isa = PBXFileReference; fileEncoding = 4; lastKnownFileType = text.json; name = RunsData.json; path = Runkeeper/RunsData.json; sourceTree = SOURCE_ROOT; };
		A819CBF12C43144C00871A93 /* Run.swift */ = {isa = PBXFileReference; lastKnownFileType = sourcecode.swift; path = Run.swift; sourceTree = "<group>"; };
		A819CBF32C431F3200871A93 /* GradientGenerator.swift */ = {isa = PBXFileReference; lastKnownFileType = sourcecode.swift; path = GradientGenerator.swift; sourceTree = "<group>"; };
		A819CBF52C431F4600871A93 /* ThemeManager.swift */ = {isa = PBXFileReference; lastKnownFileType = sourcecode.swift; path = ThemeManager.swift; sourceTree = "<group>"; };
		A84E0D222C2860E100E12D8D /* Runkeeper.app */ = {isa = PBXFileReference; explicitFileType = wrapper.application; includeInIndex = 0; path = Runkeeper.app; sourceTree = BUILT_PRODUCTS_DIR; };
		A84E0D252C2860E100E12D8D /* RunkeeperApp.swift */ = {isa = PBXFileReference; lastKnownFileType = sourcecode.swift; path = RunkeeperApp.swift; sourceTree = "<group>"; };
		A84E0D272C2860E100E12D8D /* ContentView.swift */ = {isa = PBXFileReference; lastKnownFileType = sourcecode.swift; path = ContentView.swift; sourceTree = "<group>"; };
		A84E0D2B2C2860E300E12D8D /* Assets.xcassets */ = {isa = PBXFileReference; lastKnownFileType = folder.assetcatalog; path = Assets.xcassets; sourceTree = "<group>"; };
		A84E0D2E2C2860E300E12D8D /* Preview Assets.xcassets */ = {isa = PBXFileReference; lastKnownFileType = folder.assetcatalog; path = "Preview Assets.xcassets"; sourceTree = "<group>"; };
		A84E0D372C28610B00E12D8D /* RunRecord.swift */ = {isa = PBXFileReference; lastKnownFileType = sourcecode.swift; path = RunRecord.swift; sourceTree = "<group>"; };
		A84E0D392C28611C00E12D8D /* SegmentRecord.swift */ = {isa = PBXFileReference; lastKnownFileType = sourcecode.swift; path = SegmentRecord.swift; sourceTree = "<group>"; };
		A84E0D3B2C28625000E12D8D /* RunManager.swift */ = {isa = PBXFileReference; lastKnownFileType = sourcecode.swift; path = RunManager.swift; sourceTree = "<group>"; };
		A84E0D3D2C28628800E12D8D /* SelectRunView.swift */ = {isa = PBXFileReference; lastKnownFileType = sourcecode.swift; path = SelectRunView.swift; sourceTree = "<group>"; };
		A84E0D3F2C2862E600E12D8D /* SettingsView.swift */ = {isa = PBXFileReference; lastKnownFileType = sourcecode.swift; path = SettingsView.swift; sourceTree = "<group>"; };
		A84E0D412C28631B00E12D8D /* RunView.swift */ = {isa = PBXFileReference; lastKnownFileType = sourcecode.swift; path = RunView.swift; sourceTree = "<group>"; };
/* End PBXFileReference section */

/* Begin PBXFrameworksBuildPhase section */
		A84E0D1F2C2860E100E12D8D /* Frameworks */ = {
			isa = PBXFrameworksBuildPhase;
			buildActionMask = 2147483647;
			files = (
			);
			runOnlyForDeploymentPostprocessing = 0;
		};
/* End PBXFrameworksBuildPhase section */

/* Begin PBXGroup section */
		A819CBEE2C4313E400871A93 /* Assets */ = {
			isa = PBXGroup;
			children = (
				A819CBEF2C4313F300871A93 /* RunsData.json */,
			);
			path = Assets;
			sourceTree = "<group>";
		};
		A819CBF72C43238900871A93 /* Managers */ = {
			isa = PBXGroup;
			children = (
				A819CBF32C431F3200871A93 /* GradientGenerator.swift */,
				A84E0D3B2C28625000E12D8D /* RunManager.swift */,
				A819CBF52C431F4600871A93 /* ThemeManager.swift */,
			);
			path = Managers;
			sourceTree = "<group>";
		};
		A84E0D192C2860E100E12D8D = {
			isa = PBXGroup;
			children = (
				A84E0D242C2860E100E12D8D /* Runkeeper */,
				A84E0D232C2860E100E12D8D /* Products */,
			);
			sourceTree = "<group>";
		};
		A84E0D232C2860E100E12D8D /* Products */ = {
			isa = PBXGroup;
			children = (
				A84E0D222C2860E100E12D8D /* Runkeeper.app */,
			);
			name = Products;
			sourceTree = "<group>";
		};
		A84E0D242C2860E100E12D8D /* Runkeeper */ = {
			isa = PBXGroup;
			children = (
				A819CBF72C43238900871A93 /* Managers */,
				A819CBEE2C4313E400871A93 /* Assets */,
				A84E0D362C2860FE00E12D8D /* Views */,
				A84E0D352C2860F900E12D8D /* Models */,
				A84E0D252C2860E100E12D8D /* RunkeeperApp.swift */,
				A84E0D2B2C2860E300E12D8D /* Assets.xcassets */,
				A84E0D2D2C2860E300E12D8D /* Preview Content */,
			);
			path = Runkeeper;
			sourceTree = "<group>";
		};
		A84E0D2D2C2860E300E12D8D /* Preview Content */ = {
			isa = PBXGroup;
			children = (
				A84E0D2E2C2860E300E12D8D /* Preview Assets.xcassets */,
			);
			path = "Preview Content";
			sourceTree = "<group>";
		};
		A84E0D352C2860F900E12D8D /* Models */ = {
			isa = PBXGroup;
			children = (
				A84E0D372C28610B00E12D8D /* RunRecord.swift */,
				A819CBEC2C42C37500871A93 /* RunManagerViewModel.swift */,
				A84E0D392C28611C00E12D8D /* SegmentRecord.swift */,
				A819CBF12C43144C00871A93 /* Run.swift */,
			);
			path = Models;
			sourceTree = "<group>";
		};
		A84E0D362C2860FE00E12D8D /* Views */ = {
			isa = PBXGroup;
			children = (
				A84E0D272C2860E100E12D8D /* ContentView.swift */,
				A84E0D412C28631B00E12D8D /* RunView.swift */,
				A84E0D3F2C2862E600E12D8D /* SettingsView.swift */,
				A84E0D3D2C28628800E12D8D /* SelectRunView.swift */,
			);
			path = Views;
			sourceTree = "<group>";
		};
/* End PBXGroup section */

/* Begin PBXNativeTarget section */
		A84E0D212C2860E100E12D8D /* Runkeeper */ = {
			isa = PBXNativeTarget;
			buildConfigurationList = A84E0D322C2860E300E12D8D /* Build configuration list for PBXNativeTarget "Runkeeper" */;
			buildPhases = (
				A84E0D1E2C2860E100E12D8D /* Sources */,
				A84E0D1F2C2860E100E12D8D /* Frameworks */,
				A84E0D202C2860E100E12D8D /* Resources */,
			);
			buildRules = (
			);
			dependencies = (
			);
			name = Runkeeper;
			productName = Runkeeper;
			productReference = A84E0D222C2860E100E12D8D /* Runkeeper.app */;
			productType = "com.apple.product-type.application";
		};
/* End PBXNativeTarget section */

/* Begin PBXProject section */
		A84E0D1A2C2860E100E12D8D /* Project object */ = {
			isa = PBXProject;
			attributes = {
				BuildIndependentTargetsInParallel = 1;
				LastSwiftUpdateCheck = 1530;
				LastUpgradeCheck = 1530;
				TargetAttributes = {
					A84E0D212C2860E100E12D8D = {
						CreatedOnToolsVersion = 15.3;
					};
				};
			};
			buildConfigurationList = A84E0D1D2C2860E100E12D8D /* Build configuration list for PBXProject "Runkeeper" */;
			compatibilityVersion = "Xcode 14.0";
			developmentRegion = en;
			hasScannedForEncodings = 0;
			knownRegions = (
				en,
				Base,
			);
			mainGroup = A84E0D192C2860E100E12D8D;
			productRefGroup = A84E0D232C2860E100E12D8D /* Products */;
			projectDirPath = "";
			projectRoot = "";
			targets = (
				A84E0D212C2860E100E12D8D /* Runkeeper */,
			);
		};
/* End PBXProject section */

/* Begin PBXResourcesBuildPhase section */
		A84E0D202C2860E100E12D8D /* Resources */ = {
			isa = PBXResourcesBuildPhase;
			buildActionMask = 2147483647;
			files = (
				A84E0D2F2C2860E300E12D8D /* Preview Assets.xcassets in Resources */,
				A84E0D2C2C2860E300E12D8D /* Assets.xcassets in Resources */,
				A819CBF02C4313F300871A93 /* RunsData.json in Resources */,
			);
			runOnlyForDeploymentPostprocessing = 0;
		};
/* End PBXResourcesBuildPhase section */

/* Begin PBXSourcesBuildPhase section */
		A84E0D1E2C2860E100E12D8D /* Sources */ = {
			isa = PBXSourcesBuildPhase;
			buildActionMask = 2147483647;
			files = (
				A819CBED2C42C37500871A93 /* RunManagerViewModel.swift in Sources */,
				A84E0D282C2860E100E12D8D /* ContentView.swift in Sources */,
				A84E0D402C2862E600E12D8D /* SettingsView.swift in Sources */,
				A84E0D3C2C28625000E12D8D /* RunManager.swift in Sources */,
				A84E0D3A2C28611C00E12D8D /* SegmentRecord.swift in Sources */,
				A84E0D382C28610B00E12D8D /* RunRecord.swift in Sources */,
				A84E0D422C28631B00E12D8D /* RunView.swift in Sources */,
				A84E0D3E2C28628800E12D8D /* SelectRunView.swift in Sources */,
				A819CBF22C43144C00871A93 /* Run.swift in Sources */,
				A819CBF42C431F3200871A93 /* GradientGenerator.swift in Sources */,
				A84E0D262C2860E100E12D8D /* RunkeeperApp.swift in Sources */,
				A819CBF62C431F4600871A93 /* ThemeManager.swift in Sources */,
			);
			runOnlyForDeploymentPostprocessing = 0;
		};
/* End PBXSourcesBuildPhase section */

/* Begin XCBuildConfiguration section */
		A84E0D302C2860E300E12D8D /* Debug */ = {
			isa = XCBuildConfiguration;
			buildSettings = {
				ALWAYS_SEARCH_USER_PATHS = NO;
				ASSETCATALOG_COMPILER_GENERATE_SWIFT_ASSET_SYMBOL_EXTENSIONS = YES;
				CLANG_ANALYZER_NONNULL = YES;
				CLANG_ANALYZER_NUMBER_OBJECT_CONVERSION = YES_AGGRESSIVE;
				CLANG_CXX_LANGUAGE_STANDARD = "gnu++20";
				CLANG_ENABLE_MODULES = YES;
				CLANG_ENABLE_OBJC_ARC = YES;
				CLANG_ENABLE_OBJC_WEAK = YES;
				CLANG_WARN_BLOCK_CAPTURE_AUTORELEASING = YES;
				CLANG_WARN_BOOL_CONVERSION = YES;
				CLANG_WARN_COMMA = YES;
				CLANG_WARN_CONSTANT_CONVERSION = YES;
				CLANG_WARN_DEPRECATED_OBJC_IMPLEMENTATIONS = YES;
				CLANG_WARN_DIRECT_OBJC_ISA_USAGE = YES_ERROR;
				CLANG_WARN_DOCUMENTATION_COMMENTS = YES;
				CLANG_WARN_EMPTY_BODY = YES;
				CLANG_WARN_ENUM_CONVERSION = YES;
				CLANG_WARN_INFINITE_RECURSION = YES;
				CLANG_WARN_INT_CONVERSION = YES;
				CLANG_WARN_NON_LITERAL_NULL_CONVERSION = YES;
				CLANG_WARN_OBJC_IMPLICIT_RETAIN_SELF = YES;
				CLANG_WARN_OBJC_LITERAL_CONVERSION = YES;
				CLANG_WARN_OBJC_ROOT_CLASS = YES_ERROR;
				CLANG_WARN_QUOTED_INCLUDE_IN_FRAMEWORK_HEADER = YES;
				CLANG_WARN_RANGE_LOOP_ANALYSIS = YES;
				CLANG_WARN_STRICT_PROTOTYPES = YES;
				CLANG_WARN_SUSPICIOUS_MOVE = YES;
				CLANG_WARN_UNGUARDED_AVAILABILITY = YES_AGGRESSIVE;
				CLANG_WARN_UNREACHABLE_CODE = YES;
				CLANG_WARN__DUPLICATE_METHOD_MATCH = YES;
				COPY_PHASE_STRIP = NO;
				DEBUG_INFORMATION_FORMAT = dwarf;
				ENABLE_STRICT_OBJC_MSGSEND = YES;
				ENABLE_TESTABILITY = YES;
				ENABLE_USER_SCRIPT_SANDBOXING = YES;
				GCC_C_LANGUAGE_STANDARD = gnu17;
				GCC_DYNAMIC_NO_PIC = NO;
				GCC_NO_COMMON_BLOCKS = YES;
				GCC_OPTIMIZATION_LEVEL = 0;
				GCC_PREPROCESSOR_DEFINITIONS = (
					"DEBUG=1",
					"$(inherited)",
				);
				GCC_WARN_64_TO_32_BIT_CONVERSION = YES;
				GCC_WARN_ABOUT_RETURN_TYPE = YES_ERROR;
				GCC_WARN_UNDECLARED_SELECTOR = YES;
				GCC_WARN_UNINITIALIZED_AUTOS = YES_AGGRESSIVE;
				GCC_WARN_UNUSED_FUNCTION = YES;
				GCC_WARN_UNUSED_VARIABLE = YES;
				IPHONEOS_DEPLOYMENT_TARGET = 17.4;
				LOCALIZATION_PREFERS_STRING_CATALOGS = YES;
				MTL_ENABLE_DEBUG_INFO = INCLUDE_SOURCE;
				MTL_FAST_MATH = YES;
				ONLY_ACTIVE_ARCH = YES;
				SDKROOT = iphoneos;
				SWIFT_ACTIVE_COMPILATION_CONDITIONS = "DEBUG $(inherited)";
				SWIFT_OPTIMIZATION_LEVEL = "-Onone";
			};
			name = Debug;
		};
		A84E0D312C2860E300E12D8D /* Release */ = {
			isa = XCBuildConfiguration;
			buildSettings = {
				ALWAYS_SEARCH_USER_PATHS = NO;
				ASSETCATALOG_COMPILER_GENERATE_SWIFT_ASSET_SYMBOL_EXTENSIONS = YES;
				CLANG_ANALYZER_NONNULL = YES;
				CLANG_ANALYZER_NUMBER_OBJECT_CONVERSION = YES_AGGRESSIVE;
				CLANG_CXX_LANGUAGE_STANDARD = "gnu++20";
				CLANG_ENABLE_MODULES = YES;
				CLANG_ENABLE_OBJC_ARC = YES;
				CLANG_ENABLE_OBJC_WEAK = YES;
				CLANG_WARN_BLOCK_CAPTURE_AUTORELEASING = YES;
				CLANG_WARN_BOOL_CONVERSION = YES;
				CLANG_WARN_COMMA = YES;
				CLANG_WARN_CONSTANT_CONVERSION = YES;
				CLANG_WARN_DEPRECATED_OBJC_IMPLEMENTATIONS = YES;
				CLANG_WARN_DIRECT_OBJC_ISA_USAGE = YES_ERROR;
				CLANG_WARN_DOCUMENTATION_COMMENTS = YES;
				CLANG_WARN_EMPTY_BODY = YES;
				CLANG_WARN_ENUM_CONVERSION = YES;
				CLANG_WARN_INFINITE_RECURSION = YES;
				CLANG_WARN_INT_CONVERSION = YES;
				CLANG_WARN_NON_LITERAL_NULL_CONVERSION = YES;
				CLANG_WARN_OBJC_IMPLICIT_RETAIN_SELF = YES;
				CLANG_WARN_OBJC_LITERAL_CONVERSION = YES;
				CLANG_WARN_OBJC_ROOT_CLASS = YES_ERROR;
				CLANG_WARN_QUOTED_INCLUDE_IN_FRAMEWORK_HEADER = YES;
				CLANG_WARN_RANGE_LOOP_ANALYSIS = YES;
				CLANG_WARN_STRICT_PROTOTYPES = YES;
				CLANG_WARN_SUSPICIOUS_MOVE = YES;
				CLANG_WARN_UNGUARDED_AVAILABILITY = YES_AGGRESSIVE;
				CLANG_WARN_UNREACHABLE_CODE = YES;
				CLANG_WARN__DUPLICATE_METHOD_MATCH = YES;
				COPY_PHASE_STRIP = NO;
				DEBUG_INFORMATION_FORMAT = "dwarf-with-dsym";
				ENABLE_NS_ASSERTIONS = NO;
				ENABLE_STRICT_OBJC_MSGSEND = YES;
				ENABLE_USER_SCRIPT_SANDBOXING = YES;
				GCC_C_LANGUAGE_STANDARD = gnu17;
				GCC_NO_COMMON_BLOCKS = YES;
				GCC_WARN_64_TO_32_BIT_CONVERSION = YES;
				GCC_WARN_ABOUT_RETURN_TYPE = YES_ERROR;
				GCC_WARN_UNDECLARED_SELECTOR = YES;
				GCC_WARN_UNINITIALIZED_AUTOS = YES_AGGRESSIVE;
				GCC_WARN_UNUSED_FUNCTION = YES;
				GCC_WARN_UNUSED_VARIABLE = YES;
				IPHONEOS_DEPLOYMENT_TARGET = 17.4;
				LOCALIZATION_PREFERS_STRING_CATALOGS = YES;
				MTL_ENABLE_DEBUG_INFO = NO;
				MTL_FAST_MATH = YES;
				SDKROOT = iphoneos;
				SWIFT_COMPILATION_MODE = wholemodule;
				VALIDATE_PRODUCT = YES;
			};
			name = Release;
		};
		A84E0D332C2860E300E12D8D /* Debug */ = {
			isa = XCBuildConfiguration;
			buildSettings = {
				ASSETCATALOG_COMPILER_APPICON_NAME = AppIcon;
				ASSETCATALOG_COMPILER_GLOBAL_ACCENT_COLOR_NAME = AccentColor;
				CODE_SIGN_STYLE = Automatic;
				CURRENT_PROJECT_VERSION = 1;
				DEVELOPMENT_ASSET_PATHS = "\"Runkeeper/Preview Content\"";
				DEVELOPMENT_TEAM = 5DYJ7634L5;
				ENABLE_PREVIEWS = YES;
				GENERATE_INFOPLIST_FILE = YES;
				INFOPLIST_KEY_UIApplicationSceneManifest_Generation = YES;
				INFOPLIST_KEY_UIApplicationSupportsIndirectInputEvents = YES;
				INFOPLIST_KEY_UILaunchScreen_Generation = YES;
				INFOPLIST_KEY_UISupportedInterfaceOrientations_iPad = "UIInterfaceOrientationPortrait UIInterfaceOrientationPortraitUpsideDown UIInterfaceOrientationLandscapeLeft UIInterfaceOrientationLandscapeRight";
				INFOPLIST_KEY_UISupportedInterfaceOrientations_iPhone = "UIInterfaceOrientationPortrait UIInterfaceOrientationLandscapeLeft UIInterfaceOrientationLandscapeRight";
				LD_RUNPATH_SEARCH_PATHS = (
					"$(inherited)",
					"@executable_path/Frameworks",
				);
				MARKETING_VERSION = 1.0;
				PRODUCT_BUNDLE_IDENTIFIER = com.designerGenes.Runkeeper;
				PRODUCT_NAME = "$(TARGET_NAME)";
				SWIFT_EMIT_LOC_STRINGS = YES;
				SWIFT_VERSION = 5.0;
				TARGETED_DEVICE_FAMILY = "1,2";
			};
			name = Debug;
		};
		A84E0D342C2860E300E12D8D /* Release */ = {
			isa = XCBuildConfiguration;
			buildSettings = {
				ASSETCATALOG_COMPILER_APPICON_NAME = AppIcon;
				ASSETCATALOG_COMPILER_GLOBAL_ACCENT_COLOR_NAME = AccentColor;
				CODE_SIGN_STYLE = Automatic;
				CURRENT_PROJECT_VERSION = 1;
				DEVELOPMENT_ASSET_PATHS = "\"Runkeeper/Preview Content\"";
				DEVELOPMENT_TEAM = 5DYJ7634L5;
				ENABLE_PREVIEWS = YES;
				GENERATE_INFOPLIST_FILE = YES;
				INFOPLIST_KEY_UIApplicationSceneManifest_Generation = YES;
				INFOPLIST_KEY_UIApplicationSupportsIndirectInputEvents = YES;
				INFOPLIST_KEY_UILaunchScreen_Generation = YES;
				INFOPLIST_KEY_UISupportedInterfaceOrientations_iPad = "UIInterfaceOrientationPortrait UIInterfaceOrientationPortraitUpsideDown UIInterfaceOrientationLandscapeLeft UIInterfaceOrientationLandscapeRight";
				INFOPLIST_KEY_UISupportedInterfaceOrientations_iPhone = "UIInterfaceOrientationPortrait UIInterfaceOrientationLandscapeLeft UIInterfaceOrientationLandscapeRight";
				LD_RUNPATH_SEARCH_PATHS = (
					"$(inherited)",
					"@executable_path/Frameworks",
				);
				MARKETING_VERSION = 1.0;
				PRODUCT_BUNDLE_IDENTIFIER = com.designerGenes.Runkeeper;
				PRODUCT_NAME = "$(TARGET_NAME)";
				SWIFT_EMIT_LOC_STRINGS = YES;
				SWIFT_VERSION = 5.0;
				TARGETED_DEVICE_FAMILY = "1,2";
			};
			name = Release;
		};
/* End XCBuildConfiguration section */

/* Begin XCConfigurationList section */
		A84E0D1D2C2860E100E12D8D /* Build configuration list for PBXProject "Runkeeper" */ = {
			isa = XCConfigurationList;
			buildConfigurations = (
				A84E0D302C2860E300E12D8D /* Debug */,
				A84E0D312C2860E300E12D8D /* Release */,
			);
			defaultConfigurationIsVisible = 0;
			defaultConfigurationName = Release;
		};
		A84E0D322C2860E300E12D8D /* Build configuration list for PBXNativeTarget "Runkeeper" */ = {
			isa = XCConfigurationList;
			buildConfigurations = (
				A84E0D332C2860E300E12D8D /* Debug */,
				A84E0D342C2860E300E12D8D /* Release */,
			);
			defaultConfigurationIsVisible = 0;
			defaultConfigurationName = Release;
		};
/* End XCConfigurationList section */
	};
	rootObject = A84E0D1A2C2860E100E12D8D /* Project object */;
}
